
Microsoft Visual Studio Solution File, Format Version 12.00
# Visual Studio Version 17
VisualStudioVersion = 17.2.32519.379
MinimumVisualStudioVersion = 10.0.40219.1
Project("{FAE04EC0-301F-11D3-BF4B-00C04F79EFBC}") = "DiplomaApp", "DiplomaApp\DiplomaApp.csproj", "{E7D40BCF-9893-4002-9C31-42C531D10355}"
EndProject
Project("{FAE04EC0-301F-11D3-BF4B-00C04F79EFBC}") = "DiplomaApp.Data", "DoplomaApp.Data\DiplomaApp.Data.csproj", "{6E93D50E-0E98-41D8-AB5C-FC6D53FC7093}"
EndProject
Project("{FAE04EC0-301F-11D3-BF4B-00C04F79EFBC}") = "DiplomaApp.Repositories", "DiplomaApp.Repositories\DiplomaApp.Repositories.csproj", "{42B9DA78-E3EC-4EBB-81EF-DC9A544E0BF3}"
EndProject
Project("{FAE04EC0-301F-11D3-BF4B-00C04F79EFBC}") = "DiplomaApp.Services", "DiplomaApp.Services\DiplomaApp.Services.csproj", "{9D80AA11-781A-40DC-A2BA-DFC3A8DCE6A9}"
EndProject
Global
	GlobalSection(SolutionConfigurationPlatforms) = preSolution
		Debug|Any CPU = Debug|Any CPU
		Release|Any CPU = Release|Any CPU
	EndGlobalSection
	GlobalSection(ProjectConfigurationPlatforms) = postSolution
		{E7D40BCF-9893-4002-9C31-42C531D10355}.Debug|Any CPU.ActiveCfg = Debug|Any CPU
		{E7D40BCF-9893-4002-9C31-42C531D10355}.Debug|Any CPU.Build.0 = Debug|Any CPU
		{E7D40BCF-9893-4002-9C31-42C531D10355}.Release|Any CPU.ActiveCfg = Release|Any CPU
		{E7D40BCF-9893-4002-9C31-42C531D10355}.Release|Any CPU.Build.0 = Release|Any CPU
		{6E93D50E-0E98-41D8-AB5C-FC6D53FC7093}.Debug|Any CPU.ActiveCfg = Debug|Any CPU
		{6E93D50E-0E98-41D8-AB5C-FC6D53FC7093}.Debug|Any CPU.Build.0 = Debug|Any CPU
		{6E93D50E-0E98-41D8-AB5C-FC6D53FC7093}.Release|Any CPU.ActiveCfg = Release|Any CPU
		{6E93D50E-0E98-41D8-AB5C-FC6D53FC7093}.Release|Any CPU.Build.0 = Release|Any CPU
		{42B9DA78-E3EC-4EBB-81EF-DC9A544E0BF3}.Debug|Any CPU.ActiveCfg = Debug|Any CPU
		{42B9DA78-E3EC-4EBB-81EF-DC9A544E0BF3}.Debug|Any CPU.Build.0 = Debug|Any CPU
		{42B9DA78-E3EC-4EBB-81EF-DC9A544E0BF3}.Release|Any CPU.ActiveCfg = Release|Any CPU
		{42B9DA78-E3EC-4EBB-81EF-DC9A544E0BF3}.Release|Any CPU.Build.0 = Release|Any CPU
		{9D80AA11-781A-40DC-A2BA-DFC3A8DCE6A9}.Debug|Any CPU.ActiveCfg = Debug|Any CPU
		{9D80AA11-781A-40DC-A2BA-DFC3A8DCE6A9}.Debug|Any CPU.Build.0 = Debug|Any CPU
		{9D80AA11-781A-40DC-A2BA-DFC3A8DCE6A9}.Release|Any CPU.ActiveCfg = Release|Any CPU
		{9D80AA11-781A-40DC-A2BA-DFC3A8DCE6A9}.Release|Any CPU.Build.0 = Release|Any CPU
	EndGlobalSection
	GlobalSection(SolutionProperties) = preSolution
		HideSolutionNode = FALSE
	EndGlobalSection
	GlobalSection(ExtensibilityGlobals) = postSolution
		SolutionGuid = {37A3EAFD-30F4-453B-868A-22A0154F76DB}
	EndGlobalSection
EndGlobal
